<Solution>
  <Project Path="git-wizard/git-wizard.csproj" />
  <Project Path="GitWizard/GitWizard.csproj" />
  <Project Path="GitWizardUI.UITests/GitWizardUI.UITests.csproj" />
  <Project Path="GitWizardUI/GitWizardUI.csproj" />
  <Project Path="GitWizardTests/GitWizardTests.csproj" />
  <Project Path="GitWizardUI.ViewModels/GitWizardUI.ViewModels.csproj" />
  <Project Path="GitWizardAvalonia/GitWizardAvalonia.csproj" />
</Solution>
